// !$*UTF8*$!
{
	archiveVersion = 1;
	classes = {
	};
	objectVersion = 46;
	objects = {

/* Begin PBXBuildFile section */
		77084E321F1FA0E2003B98D0 /* AppDelegate.swift in Sources */ = {isa = PBXBuildFile; fileRef = 77084E311F1FA0E2003B98D0 /* AppDelegate.swift */; };
		77084E341F1FA0E2003B98D0 /* ViewController.swift in Sources */ = {isa = PBXBuildFile; fileRef = 77084E331F1FA0E2003B98D0 /* ViewController.swift */; };
		77084E371F1FA0E2003B98D0 /* Main.storyboard in Resources */ = {isa = PBXBuildFile; fileRef = 77084E351F1FA0E2003B98D0 /* Main.storyboard */; };
		77084E391F1FA0E2003B98D0 /* Assets.xcassets in Resources */ = {isa = PBXBuildFile; fileRef = 77084E381F1FA0E2003B98D0 /* Assets.xcassets */; };
		77084E3C1F1FA0E2003B98D0 /* LaunchScreen.storyboard in Resources */ = {isa = PBXBuildFile; fileRef = 77084E3A1F1FA0E2003B98D0 /* LaunchScreen.storyboard */; };
		77084E4B1F1FA6F4003B98D0 /* IntentHandler.swift in Sources */ = {isa = PBXBuildFile; fileRef = 77084E4A1F1FA6F4003B98D0 /* IntentHandler.swift */; };
		77084E541F1FA6F4003B98D0 /* IntentsUI.framework in Frameworks */ = {isa = PBXBuildFile; fileRef = 77084E531F1FA6F4003B98D0 /* IntentsUI.framework */; };
		77084E571F1FA6F4003B98D0 /* IntentViewController.swift in Sources */ = {isa = PBXBuildFile; fileRef = 77084E561F1FA6F4003B98D0 /* IntentViewController.swift */; };
		77084E5A1F1FA6F4003B98D0 /* MainInterface.storyboard in Resources */ = {isa = PBXBuildFile; fileRef = 77084E581F1FA6F4003B98D0 /* MainInterface.storyboard */; };
		77084E5E1F1FA6F4003B98D0 /* Intents HandlerUI.appex in Embed App Extensions */ = {isa = PBXBuildFile; fileRef = 77084E511F1FA6F4003B98D0 /* Intents HandlerUI.appex */; settings = {ATTRIBUTES = (RemoveHeadersOnCopy, ); }; };
		77084E611F1FA6F4003B98D0 /* Intents Handler.appex in Embed App Extensions */ = {isa = PBXBuildFile; fileRef = 77084E481F1FA6F4003B98D0 /* Intents Handler.appex */; settings = {ATTRIBUTES = (RemoveHeadersOnCopy, ); }; };
/* End PBXBuildFile section */

/* Begin PBXContainerItemProxy section */
		77084E5C1F1FA6F4003B98D0 /* PBXContainerItemProxy */ = {
			isa = PBXContainerItemProxy;
			containerPortal = 77084E261F1FA0E2003B98D0 /* Project object */;
			proxyType = 1;
			remoteGlobalIDString = 77084E501F1FA6F4003B98D0;
			remoteInfo = "Intents HandlerUI";
		};
		77084E5F1F1FA6F4003B98D0 /* PBXContainerItemProxy */ = {
			isa = PBXContainerItemProxy;
			containerPortal = 77084E261F1FA0E2003B98D0 /* Project object */;
			proxyType = 1;
			remoteGlobalIDString = 77084E471F1FA6F4003B98D0;
			remoteInfo = "Intents Handler";
		};
/* End PBXContainerItemProxy section */

/* Begin PBXCopyFilesBuildPhase section */
		77084E681F1FA6F4003B98D0 /* Embed App Extensions */ = {
			isa = PBXCopyFilesBuildPhase;
			buildActionMask = 2147483647;
			dstPath = "";
			dstSubfolderSpec = 13;
			files = (
				77084E611F1FA6F4003B98D0 /* Intents Handler.appex in Embed App Extensions */,
				77084E5E1F1FA6F4003B98D0 /* Intents HandlerUI.appex in Embed App Extensions */,
			);
			name = "Embed App Extensions";
			runOnlyForDeploymentPostprocessing = 0;
		};
/* End PBXCopyFilesBuildPhase section */

/* Begin PBXFileReference section */
		77084E2E1F1FA0E2003B98D0 /* FoodOrder.app */ = {isa = PBXFileReference; explicitFileType = wrapper.application; includeInIndex = 0; path = FoodOrder.app; sourceTree = BUILT_PRODUCTS_DIR; };
		77084E311F1FA0E2003B98D0 /* AppDelegate.swift */ = {isa = PBXFileReference; lastKnownFileType = sourcecode.swift; path = AppDelegate.swift; sourceTree = "<group>"; };
		77084E331F1FA0E2003B98D0 /* ViewController.swift */ = {isa = PBXFileReference; lastKnownFileType = sourcecode.swift; path = ViewController.swift; sourceTree = "<group>"; };
		77084E361F1FA0E2003B98D0 /* Base */ = {isa = PBXFileReference; lastKnownFileType = file.storyboard; name = Base; path = Base.lproj/Main.storyboard; sourceTree = "<group>"; };
		77084E381F1FA0E2003B98D0 /* Assets.xcassets */ = {isa = PBXFileReference; lastKnownFileType = folder.assetcatalog; path = Assets.xcassets; sourceTree = "<group>"; };
		77084E3B1F1FA0E2003B98D0 /* Base */ = {isa = PBXFileReference; lastKnownFileType = file.storyboard; name = Base; path = Base.lproj/LaunchScreen.storyboard; sourceTree = "<group>"; };
		77084E3D1F1FA0E2003B98D0 /* Info.plist */ = {isa = PBXFileReference; lastKnownFileType = text.plist.xml; path = Info.plist; sourceTree = "<group>"; };
		77084E431F1FA0E8003B98D0 /* FoodOrder.entitlements */ = {isa = PBXFileReference; lastKnownFileType = text.plist.entitlements; path = FoodOrder.entitlements; sourceTree = "<group>"; };
		77084E481F1FA6F4003B98D0 /* Intents Handler.appex */ = {isa = PBXFileReference; explicitFileType = "wrapper.app-extension"; includeInIndex = 0; path = "Intents Handler.appex"; sourceTree = BUILT_PRODUCTS_DIR; };
		77084E4A1F1FA6F4003B98D0 /* IntentHandler.swift */ = {isa = PBXFileReference; lastKnownFileType = sourcecode.swift; path = IntentHandler.swift; sourceTree = "<group>"; };
		77084E4C1F1FA6F4003B98D0 /* Info.plist */ = {isa = PBXFileReference; lastKnownFileType = text.plist.xml; path = Info.plist; sourceTree = "<group>"; };
		77084E511F1FA6F4003B98D0 /* Intents HandlerUI.appex */ = {isa = PBXFileReference; explicitFileType = "wrapper.app-extension"; includeInIndex = 0; path = "Intents HandlerUI.appex"; sourceTree = BUILT_PRODUCTS_DIR; };
		77084E531F1FA6F4003B98D0 /* IntentsUI.framework */ = {isa = PBXFileReference; lastKnownFileType = wrapper.framework; name = IntentsUI.framework; path = System/Library/Frameworks/IntentsUI.framework; sourceTree = SDKROOT; };
		77084E561F1FA6F4003B98D0 /* IntentViewController.swift */ = {isa = PBXFileReference; lastKnownFileType = sourcecode.swift; path = IntentViewController.swift; sourceTree = "<group>"; };
		77084E591F1FA6F4003B98D0 /* Base */ = {isa = PBXFileReference; lastKnownFileType = file.storyboard; name = Base; path = Base.lproj/MainInterface.storyboard; sourceTree = "<group>"; };
		77084E5B1F1FA6F4003B98D0 /* Info.plist */ = {isa = PBXFileReference; lastKnownFileType = text.plist.xml; path = Info.plist; sourceTree = "<group>"; };
/* End PBXFileReference section */

/* Begin PBXFrameworksBuildPhase section */
		77084E2B1F1FA0E2003B98D0 /* Frameworks */ = {
			isa = PBXFrameworksBuildPhase;
			buildActionMask = 2147483647;
			files = (
			);
			runOnlyForDeploymentPostprocessing = 0;
		};
		77084E451F1FA6F4003B98D0 /* Frameworks */ = {
			isa = PBXFrameworksBuildPhase;
			buildActionMask = 2147483647;
			files = (
			);
			runOnlyForDeploymentPostprocessing = 0;
		};
		77084E4E1F1FA6F4003B98D0 /* Frameworks */ = {
			isa = PBXFrameworksBuildPhase;
			buildActionMask = 2147483647;
			files = (
				77084E541F1FA6F4003B98D0 /* IntentsUI.framework in Frameworks */,
			);
			runOnlyForDeploymentPostprocessing = 0;
		};
/* End PBXFrameworksBuildPhase section */

/* Begin PBXGroup section */
		77084E251F1FA0E2003B98D0 = {
			isa = PBXGroup;
			children = (
				77084E301F1FA0E2003B98D0 /* FoodOrder */,
				77084E491F1FA6F4003B98D0 /* Intents Handler */,
				77084E551F1FA6F4003B98D0 /* Intents HandlerUI */,
				77084E521F1FA6F4003B98D0 /* Frameworks */,
				77084E2F1F1FA0E2003B98D0 /* Products */,
			);
			sourceTree = "<group>";
		};
		77084E2F1F1FA0E2003B98D0 /* Products */ = {
			isa = PBXGroup;
			children = (
				77084E2E1F1FA0E2003B98D0 /* FoodOrder.app */,
				77084E481F1FA6F4003B98D0 /* Intents Handler.appex */,
				77084E511F1FA6F4003B98D0 /* Intents HandlerUI.appex */,
			);
			name = Products;
			sourceTree = "<group>";
		};
		77084E301F1FA0E2003B98D0 /* FoodOrder */ = {
			isa = PBXGroup;
			children = (
				77084E431F1FA0E8003B98D0 /* FoodOrder.entitlements */,
				77084E311F1FA0E2003B98D0 /* AppDelegate.swift */,
				77084E331F1FA0E2003B98D0 /* ViewController.swift */,
				77084E351F1FA0E2003B98D0 /* Main.storyboard */,
				77084E381F1FA0E2003B98D0 /* Assets.xcassets */,
				77084E3A1F1FA0E2003B98D0 /* LaunchScreen.storyboard */,
				77084E3D1F1FA0E2003B98D0 /* Info.plist */,
			);
			path = FoodOrder;
			sourceTree = "<group>";
		};
		77084E491F1FA6F4003B98D0 /* Intents Handler */ = {
			isa = PBXGroup;
			children = (
				77084E4A1F1FA6F4003B98D0 /* IntentHandler.swift */,
				77084E4C1F1FA6F4003B98D0 /* Info.plist */,
			);
			path = "Intents Handler";
			sourceTree = "<group>";
		};
		77084E521F1FA6F4003B98D0 /* Frameworks */ = {
			isa = PBXGroup;
			children = (
				77084E531F1FA6F4003B98D0 /* IntentsUI.framework */,
			);
			name = Frameworks;
			sourceTree = "<group>";
		};
		77084E551F1FA6F4003B98D0 /* Intents HandlerUI */ = {
			isa = PBXGroup;
			children = (
				77084E561F1FA6F4003B98D0 /* IntentViewController.swift */,
				77084E581F1FA6F4003B98D0 /* MainInterface.storyboard */,
				77084E5B1F1FA6F4003B98D0 /* Info.plist */,
			);
			path = "Intents HandlerUI";
			sourceTree = "<group>";
		};
/* End PBXGroup section */

/* Begin PBXNativeTarget section */
		77084E2D1F1FA0E2003B98D0 /* FoodOrder */ = {
			isa = PBXNativeTarget;
			buildConfigurationList = 77084E401F1FA0E2003B98D0 /* Build configuration list for PBXNativeTarget "FoodOrder" */;
			buildPhases = (
				77084E2A1F1FA0E2003B98D0 /* Sources */,
				77084E2B1F1FA0E2003B98D0 /* Frameworks */,
				77084E2C1F1FA0E2003B98D0 /* Resources */,
				77084E681F1FA6F4003B98D0 /* Embed App Extensions */,
			);
			buildRules = (
			);
			dependencies = (
				77084E5D1F1FA6F4003B98D0 /* PBXTargetDependency */,
				77084E601F1FA6F4003B98D0 /* PBXTargetDependency */,
			);
			name = FoodOrder;
			productName = FoodOrder;
			productReference = 77084E2E1F1FA0E2003B98D0 /* FoodOrder.app */;
			productType = "com.apple.product-type.application";
		};
		77084E471F1FA6F4003B98D0 /* Intents Handler */ = {
			isa = PBXNativeTarget;
			buildConfigurationList = 77084E651F1FA6F4003B98D0 /* Build configuration list for PBXNativeTarget "Intents Handler" */;
			buildPhases = (
				77084E441F1FA6F4003B98D0 /* Sources */,
				77084E451F1FA6F4003B98D0 /* Frameworks */,
				77084E461F1FA6F4003B98D0 /* Resources */,
			);
			buildRules = (
			);
			dependencies = (
			);
			name = "Intents Handler";
			productName = "Intents Handler";
			productReference = 77084E481F1FA6F4003B98D0 /* Intents Handler.appex */;
			productType = "com.apple.product-type.app-extension";
		};
		77084E501F1FA6F4003B98D0 /* Intents HandlerUI */ = {
			isa = PBXNativeTarget;
			buildConfigurationList = 77084E621F1FA6F4003B98D0 /* Build configuration list for PBXNativeTarget "Intents HandlerUI" */;
			buildPhases = (
				77084E4D1F1FA6F4003B98D0 /* Sources */,
				77084E4E1F1FA6F4003B98D0 /* Frameworks */,
				77084E4F1F1FA6F4003B98D0 /* Resources */,
			);
			buildRules = (
			);
			dependencies = (
			);
			name = "Intents HandlerUI";
			productName = "Intents HandlerUI";
			productReference = 77084E511F1FA6F4003B98D0 /* Intents HandlerUI.appex */;
			productType = "com.apple.product-type.app-extension";
		};
/* End PBXNativeTarget section */

/* Begin PBXProject section */
		77084E261F1FA0E2003B98D0 /* Project object */ = {
			isa = PBXProject;
			attributes = {
				LastSwiftUpdateCheck = 0830;
				LastUpgradeCheck = 0830;
				ORGANIZATIONNAME = "Muhammad Aamir";
				TargetAttributes = {
					77084E2D1F1FA0E2003B98D0 = {
						CreatedOnToolsVersion = 8.3.2;
						DevelopmentTeam = SUBZ24DP5B;
						ProvisioningStyle = Automatic;
						SystemCapabilities = {
							com.apple.ApplicationGroups.iOS = {
								enabled = 1;
							};
							com.apple.Siri = {
								enabled = 1;
							};
						};
					};
					77084E471F1FA6F4003B98D0 = {
						CreatedOnToolsVersion = 8.3.2;
						DevelopmentTeam = SUBZ24DP5B;
						ProvisioningStyle = Automatic;
					};
					77084E501F1FA6F4003B98D0 = {
						CreatedOnToolsVersion = 8.3.2;
						DevelopmentTeam = SUBZ24DP5B;
						ProvisioningStyle = Automatic;
					};
				};
			};
			buildConfigurationList = 77084E291F1FA0E2003B98D0 /* Build configuration list for PBXProject "FoodOrder" */;
			compatibilityVersion = "Xcode 3.2";
			developmentRegion = English;
			hasScannedForEncodings = 0;
			knownRegions = (
				en,
				Base,
			);
			mainGroup = 77084E251F1FA0E2003B98D0;
			productRefGroup = 77084E2F1F1FA0E2003B98D0 /* Products */;
			projectDirPath = "";
			projectRoot = "";
			targets = (
				77084E2D1F1FA0E2003B98D0 /* FoodOrder */,
				77084E471F1FA6F4003B98D0 /* Intents Handler */,
				77084E501F1FA6F4003B98D0 /* Intents HandlerUI */,
			);
		};
/* End PBXProject section */

/* Begin PBXResourcesBuildPhase section */
		77084E2C1F1FA0E2003B98D0 /* Resources */ = {
			isa = PBXResourcesBuildPhase;
			buildActionMask = 2147483647;
			files = (
				77084E3C1F1FA0E2003B98D0 /* LaunchScreen.storyboard in Resources */,
				77084E391F1FA0E2003B98D0 /* Assets.xcassets in Resources */,
				77084E371F1FA0E2003B98D0 /* Main.storyboard in Resources */,
			);
			runOnlyForDeploymentPostprocessing = 0;
		};
		77084E461F1FA6F4003B98D0 /* Resources */ = {
			isa = PBXResourcesBuildPhase;
			buildActionMask = 2147483647;
			files = (
			);
			runOnlyForDeploymentPostprocessing = 0;
		};
		77084E4F1F1FA6F4003B98D0 /* Resources */ = {
			isa = PBXResourcesBuildPhase;
			buildActionMask = 2147483647;
			files = (
				77084E5A1F1FA6F4003B98D0 /* MainInterface.storyboard in Resources */,
			);
			runOnlyForDeploymentPostprocessing = 0;
		};
/* End PBXResourcesBuildPhase section */

/* Begin PBXSourcesBuildPhase section */
		77084E2A1F1FA0E2003B98D0 /* Sources */ = {
			isa = PBXSourcesBuildPhase;
			buildActionMask = 2147483647;
			files = (
				77084E341F1FA0E2003B98D0 /* ViewController.swift in Sources */,
				77084E321F1FA0E2003B98D0 /* AppDelegate.swift in Sources */,
			);
			runOnlyForDeploymentPostprocessing = 0;
		};
		77084E441F1FA6F4003B98D0 /* Sources */ = {
			isa = PBXSourcesBuildPhase;
			buildActionMask = 2147483647;
			files = (
				77084E4B1F1FA6F4003B98D0 /* IntentHandler.swift in Sources */,
			);
			runOnlyForDeploymentPostprocessing = 0;
		};
		77084E4D1F1FA6F4003B98D0 /* Sources */ = {
			isa = PBXSourcesBuildPhase;
			buildActionMask = 2147483647;
			files = (
				77084E571F1FA6F4003B98D0 /* IntentViewController.swift in Sources */,
			);
			runOnlyForDeploymentPostprocessing = 0;
		};
/* End PBXSourcesBuildPhase section */

/* Begin PBXTargetDependency section */
		77084E5D1F1FA6F4003B98D0 /* PBXTargetDependency */ = {
			isa = PBXTargetDependency;
			target = 77084E501F1FA6F4003B98D0 /* Intents HandlerUI */;
			targetProxy = 77084E5C1F1FA6F4003B98D0 /* PBXContainerItemProxy */;
		};
		77084E601F1FA6F4003B98D0 /* PBXTargetDependency */ = {
			isa = PBXTargetDependency;
			target = 77084E471F1FA6F4003B98D0 /* Intents Handler */;
			targetProxy = 77084E5F1F1FA6F4003B98D0 /* PBXContainerItemProxy */;
		};
/* End PBXTargetDependency section */

/* Begin PBXVariantGroup section */
		77084E351F1FA0E2003B98D0 /* Main.storyboard */ = {
			isa = PBXVariantGroup;
			children = (
				77084E361F1FA0E2003B98D0 /* Base */,
			);
			name = Main.storyboard;
			sourceTree = "<group>";
		};
		77084E3A1F1FA0E2003B98D0 /* LaunchScreen.storyboard */ = {
			isa = PBXVariantGroup;
			children = (
				77084E3B1F1FA0E2003B98D0 /* Base */,
			);
			name = LaunchScreen.storyboard;
			sourceTree = "<group>";
		};
		77084E581F1FA6F4003B98D0 /* MainInterface.storyboard */ = {
			isa = PBXVariantGroup;
			children = (
				77084E591F1FA6F4003B98D0 /* Base */,
			);
			name = MainInterface.storyboard;
			sourceTree = "<group>";
		};
/* End PBXVariantGroup section */

/* Begin XCBuildConfiguration section */
		77084E3E1F1FA0E2003B98D0 /* Debug */ = {
			isa = XCBuildConfiguration;
			buildSettings = {
				ALWAYS_SEARCH_USER_PATHS = NO;
				CLANG_ANALYZER_NONNULL = YES;
				CLANG_ANALYZER_NUMBER_OBJECT_CONVERSION = YES_AGGRESSIVE;
				CLANG_CXX_LANGUAGE_STANDARD = "gnu++0x";
				CLANG_CXX_LIBRARY = "libc++";
				CLANG_ENABLE_MODULES = YES;
				CLANG_ENABLE_OBJC_ARC = YES;
				CLANG_WARN_BOOL_CONVERSION = YES;
				CLANG_WARN_CONSTANT_CONVERSION = YES;
				CLANG_WARN_DIRECT_OBJC_ISA_USAGE = YES_ERROR;
				CLANG_WARN_DOCUMENTATION_COMMENTS = YES;
				CLANG_WARN_EMPTY_BODY = YES;
				CLANG_WARN_ENUM_CONVERSION = YES;
				CLANG_WARN_INFINITE_RECURSION = YES;
				CLANG_WARN_INT_CONVERSION = YES;
				CLANG_WARN_OBJC_ROOT_CLASS = YES_ERROR;
				CLANG_WARN_SUSPICIOUS_MOVE = YES;
				CLANG_WARN_UNREACHABLE_CODE = YES;
				CLANG_WARN__DUPLICATE_METHOD_MATCH = YES;
				"CODE_SIGN_IDENTITY[sdk=iphoneos*]" = "iPhone Developer";
				COPY_PHASE_STRIP = NO;
				DEBUG_INFORMATION_FORMAT = dwarf;
				ENABLE_STRICT_OBJC_MSGSEND = YES;
				ENABLE_TESTABILITY = YES;
				GCC_C_LANGUAGE_STANDARD = gnu99;
				GCC_DYNAMIC_NO_PIC = NO;
				GCC_NO_COMMON_BLOCKS = YES;
				GCC_OPTIMIZATION_LEVEL = 0;
				GCC_PREPROCESSOR_DEFINITIONS = (
					"DEBUG=1",
					"$(inherited)",
				);
				GCC_WARN_64_TO_32_BIT_CONVERSION = YES;
				GCC_WARN_ABOUT_RETURN_TYPE = YES_ERROR;
				GCC_WARN_UNDECLARED_SELECTOR = YES;
				GCC_WARN_UNINITIALIZED_AUTOS = YES_AGGRESSIVE;
				GCC_WARN_UNUSED_FUNCTION = YES;
				GCC_WARN_UNUSED_VARIABLE = YES;
				IPHONEOS_DEPLOYMENT_TARGET = 10.3;
				MTL_ENABLE_DEBUG_INFO = YES;
				ONLY_ACTIVE_ARCH = YES;
				SDKROOT = iphoneos;
				SWIFT_ACTIVE_COMPILATION_CONDITIONS = DEBUG;
				SWIFT_OPTIMIZATION_LEVEL = "-Onone";
				TARGETED_DEVICE_FAMILY = "1,2";
			};
			name = Debug;
		};
		77084E3F1F1FA0E2003B98D0 /* Release */ = {
			isa = XCBuildConfiguration;
			buildSettings = {
				ALWAYS_SEARCH_USER_PATHS = NO;
				CLANG_ANALYZER_NONNULL = YES;
				CLANG_ANALYZER_NUMBER_OBJECT_CONVERSION = YES_AGGRESSIVE;
				CLANG_CXX_LANGUAGE_STANDARD = "gnu++0x";
				CLANG_CXX_LIBRARY = "libc++";
				CLANG_ENABLE_MODULES = YES;
				CLANG_ENABLE_OBJC_ARC = YES;
				CLANG_WARN_BOOL_CONVERSION = YES;
				CLANG_WARN_CONSTANT_CONVERSION = YES;
				CLANG_WARN_DIRECT_OBJC_ISA_USAGE = YES_ERROR;
				CLANG_WARN_DOCUMENTATION_COMMENTS = YES;
				CLANG_WARN_EMPTY_BODY = YES;
				CLANG_WARN_ENUM_CONVERSION = YES;
				CLANG_WARN_INFINITE_RECURSION = YES;
				CLANG_WARN_INT_CONVERSION = YES;
				CLANG_WARN_OBJC_ROOT_CLASS = YES_ERROR;
				CLANG_WARN_SUSPICIOUS_MOVE = YES;
				CLANG_WARN_UNREACHABLE_CODE = YES;
				CLANG_WARN__DUPLICATE_METHOD_MATCH = YES;
				"CODE_SIGN_IDENTITY[sdk=iphoneos*]" = "iPhone Developer";
				COPY_PHASE_STRIP = NO;
				DEBUG_INFORMATION_FORMAT = "dwarf-with-dsym";
				ENABLE_NS_ASSERTIONS = NO;
				ENABLE_STRICT_OBJC_MSGSEND = YES;
				GCC_C_LANGUAGE_STANDARD = gnu99;
				GCC_NO_COMMON_BLOCKS = YES;
				GCC_WARN_64_TO_32_BIT_CONVERSION = YES;
				GCC_WARN_ABOUT_RETURN_TYPE = YES_ERROR;
				GCC_WARN_UNDECLARED_SELECTOR = YES;
				GCC_WARN_UNINITIALIZED_AUTOS = YES_AGGRESSIVE;
				GCC_WARN_UNUSED_FUNCTION = YES;
				GCC_WARN_UNUSED_VARIABLE = YES;
				IPHONEOS_DEPLOYMENT_TARGET = 10.3;
				MTL_ENABLE_DEBUG_INFO = NO;
				SDKROOT = iphoneos;
				SWIFT_OPTIMIZATION_LEVEL = "-Owholemodule";
				TARGETED_DEVICE_FAMILY = "1,2";
				VALIDATE_PRODUCT = YES;
			};
			name = Release;
		};
		77084E411F1FA0E2003B98D0 /* Debug */ = {
			isa = XCBuildConfiguration;
			buildSettings = {
				ALWAYS_EMBED_SWIFT_STANDARD_LIBRARIES = YES;
				ASSETCATALOG_COMPILER_APPICON_NAME = AppIcon;
				CODE_SIGN_ENTITLEMENTS = FoodOrder/FoodOrder.entitlements;
				DEVELOPMENT_TEAM = SUBZ24DP5B;
				INFOPLIST_FILE = FoodOrder/Info.plist;
				LD_RUNPATH_SEARCH_PATHS = "$(inherited) @executable_path/Frameworks";
				PRODUCT_BUNDLE_IDENTIFIER = Developer.FoodOrder;
				PRODUCT_NAME = "$(TARGET_NAME)";
				SWIFT_VERSION = 3.0;
			};
			name = Debug;
		};
		77084E421F1FA0E2003B98D0 /* Release */ = {
			isa = XCBuildConfiguration;
			buildSettings = {
				ALWAYS_EMBED_SWIFT_STANDARD_LIBRARIES = YES;
				ASSETCATALOG_COMPILER_APPICON_NAME = AppIcon;
				CODE_SIGN_ENTITLEMENTS = FoodOrder/FoodOrder.entitlements;
				DEVELOPMENT_TEAM = SUBZ24DP5B;
				INFOPLIST_FILE = FoodOrder/Info.plist;
				LD_RUNPATH_SEARCH_PATHS = "$(inherited) @executable_path/Frameworks";
				PRODUCT_BUNDLE_IDENTIFIER = Developer.FoodOrder;
				PRODUCT_NAME = "$(TARGET_NAME)";
				SWIFT_VERSION = 3.0;
			};
			name = Release;
		};
		77084E631F1FA6F4003B98D0 /* Debug */ = {
			isa = XCBuildConfiguration;
			buildSettings = {
				DEVELOPMENT_TEAM = SUBZ24DP5B;
				INFOPLIST_FILE = "Intents HandlerUI/Info.plist";
				LD_RUNPATH_SEARCH_PATHS = "$(inherited) @executable_path/Frameworks @executable_path/../../Frameworks";
				PRODUCT_BUNDLE_IDENTIFIER = "Developer.FoodOrder.Intents-HandlerUI";
				PRODUCT_NAME = "$(TARGET_NAME)";
				SKIP_INSTALL = YES;
				SWIFT_VERSION = 3.0;
			};
			name = Debug;
		};
		77084E641F1FA6F4003B98D0 /* Release */ = {
			isa = XCBuildConfiguration;
			buildSettings = {
				DEVELOPMENT_TEAM = SUBZ24DP5B;
				INFOPLIST_FILE = "Intents HandlerUI/Info.plist";
				LD_RUNPATH_SEARCH_PATHS = "$(inherited) @executable_path/Frameworks @executable_path/../../Frameworks";
				PRODUCT_BUNDLE_IDENTIFIER = "Developer.FoodOrder.Intents-HandlerUI";
				PRODUCT_NAME = "$(TARGET_NAME)";
				SKIP_INSTALL = YES;
				SWIFT_VERSION = 3.0;
			};
			name = Release;
		};
		77084E661F1FA6F4003B98D0 /* Debug */ = {
			isa = XCBuildConfiguration;
			buildSettings = {
				DEVELOPMENT_TEAM = SUBZ24DP5B;
				INFOPLIST_FILE = "Intents Handler/Info.plist";
				LD_RUNPATH_SEARCH_PATHS = "$(inherited) @executable_path/Frameworks @executable_path/../../Frameworks";
				PRODUCT_BUNDLE_IDENTIFIER = "Developer.FoodOrder.Intents-Handler";
				PRODUCT_NAME = "$(TARGET_NAME)";
				SKIP_INSTALL = YES;
				SWIFT_VERSION = 3.0;
			};
			name = Debug;
		};
		77084E671F1FA6F4003B98D0 /* Release */ = {
			isa = XCBuildConfiguration;
			buildSettings = {
				DEVELOPMENT_TEAM = SUBZ24DP5B;
				INFOPLIST_FILE = "Intents Handler/Info.plist";
				LD_RUNPATH_SEARCH_PATHS = "$(inherited) @executable_path/Frameworks @executable_path/../../Frameworks";
				PRODUCT_BUNDLE_IDENTIFIER = "Developer.FoodOrder.Intents-Handler";
				PRODUCT_NAME = "$(TARGET_NAME)";
				SKIP_INSTALL = YES;
				SWIFT_VERSION = 3.0;
			};
			name = Release;
		};
/* End XCBuildConfiguration section */

/* Begin XCConfigurationList section */
		77084E291F1FA0E2003B98D0 /* Build configuration list for PBXProject "FoodOrder" */ = {
			isa = XCConfigurationList;
			buildConfigurations = (
				77084E3E1F1FA0E2003B98D0 /* Debug */,
				77084E3F1F1FA0E2003B98D0 /* Release */,
			);
			defaultConfigurationIsVisible = 0;
			defaultConfigurationName = Release;
		};
		77084E401F1FA0E2003B98D0 /* Build configuration list for PBXNativeTarget "FoodOrder" */ = {
			isa = XCConfigurationList;
			buildConfigurations = (
				77084E411F1FA0E2003B98D0 /* Debug */,
				77084E421F1FA0E2003B98D0 /* Release */,
			);
			defaultConfigurationIsVisible = 0;
		};
		77084E621F1FA6F4003B98D0 /* Build configuration list for PBXNativeTarget "Intents HandlerUI" */ = {
			isa = XCConfigurationList;
			buildConfigurations = (
				77084E631F1FA6F4003B98D0 /* Debug */,
				77084E641F1FA6F4003B98D0 /* Release */,
			);
			defaultConfigurationIsVisible = 0;
		};
		77084E651F1FA6F4003B98D0 /* Build configuration list for PBXNativeTarget "Intents Handler" */ = {
			isa = XCConfigurationList;
			buildConfigurations = (
				77084E661F1FA6F4003B98D0 /* Debug */,
				77084E671F1FA6F4003B98D0 /* Release */,
			);
			defaultConfigurationIsVisible = 0;
		};
/* End XCConfigurationList section */
	};
	rootObject = 77084E261F1FA0E2003B98D0 /* Project object */;
}
